// !$*UTF8*$!
{
	archiveVersion = 1;
	classes = {
	};
	objectVersion = 77;
	objects = {

/* Begin PBXBuildFile section */
		967E32F72FED22C800AB978C /* DriverKit.framework in Frameworks */ = {isa = PBXBuildFile; fileRef = 96A8BD502FED1CC400DEBE26 /* DriverKit.framework */; };
		967E33002FED22C800AB978C /* me.livoni.Unscroll.UnscrollDriver.dext in Embed System Extensions */ = {isa = PBXBuildFile; fileRef = 967E32F62FED22C800AB978C /* me.livoni.Unscroll.UnscrollDriver.dext */; settings = {ATTRIBUTES = (RemoveHeadersOnCopy, ); }; };
		96980B632FED2C060024319C /* HIDDriverKit.framework in Frameworks */ = {isa = PBXBuildFile; fileRef = 96980B622FED2C060024319C /* HIDDriverKit.framework */; };
/* End PBXBuildFile section */

/* Begin PBXContainerItemProxy section */
		967E32FE2FED22C800AB978C /* PBXContainerItemProxy */ = {
			isa = PBXContainerItemProxy;
			containerPortal = 96A8BD332FED1BFE00DEBE26 /* Project object */;
			proxyType = 1;
			remoteGlobalIDString = 967E32F52FED22C800AB978C;
			remoteInfo = ScrollInverterDriver;
		};
/* End PBXContainerItemProxy section */

/* Begin PBXCopyFilesBuildPhase section */
		96A8BD5F2FED1CC400DEBE26 /* Embed System Extensions */ = {
			isa = PBXCopyFilesBuildPhase;
			buildActionMask = 2147483647;
			dstPath = "$(SYSTEM_EXTENSIONS_FOLDER_PATH)";
			dstSubfolderSpec = 16;
			files = (
				967E33002FED22C800AB978C /* me.livoni.Unscroll.UnscrollDriver.dext in Embed System Extensions */,
			);
			name = "Embed System Extensions";
			runOnlyForDeploymentPostprocessing = 0;
		};
/* End PBXCopyFilesBuildPhase section */

/* Begin PBXFileReference section */
		967E32F62FED22C800AB978C /* me.livoni.Unscroll.UnscrollDriver.dext */ = {isa = PBXFileReference; explicitFileType = "wrapper.driver-extension"; includeInIndex = 0; path = me.livoni.Unscroll.UnscrollDriver.dext; sourceTree = BUILT_PRODUCTS_DIR; };
		96980B622FED2C060024319C /* HIDDriverKit.framework */ = {isa = PBXFileReference; lastKnownFileType = wrapper.framework; name = HIDDriverKit.framework; path = Platforms/DriverKit.platform/Developer/SDKs/DriverKit25.5.sdk/System/DriverKit/System/Library/Frameworks/HIDDriverKit.framework; sourceTree = DEVELOPER_DIR; };
		96A8BD3B2FED1BFE00DEBE26 /* Unscroll.app */ = {isa = PBXFileReference; explicitFileType = wrapper.application; includeInIndex = 0; path = Unscroll.app; sourceTree = BUILT_PRODUCTS_DIR; };
		96A8BD502FED1CC400DEBE26 /* DriverKit.framework */ = {isa = PBXFileReference; lastKnownFileType = wrapper.framework; name = DriverKit.framework; path = System/Library/Frameworks/DriverKit.framework; sourceTree = SDKROOT; };
/* End PBXFileReference section */

/* Begin PBXFileSystemSynchronizedBuildFileExceptionSet section */
		967E33012FED22C800AB978C /* Exceptions for "UnscrollDriver" folder in "UnscrollDriver" target */ = {
			isa = PBXFileSystemSynchronizedBuildFileExceptionSet;
			membershipExceptions = (
				Info.plist,
			);
			target = 967E32F52FED22C800AB978C /* UnscrollDriver */;
		};
/* End PBXFileSystemSynchronizedBuildFileExceptionSet section */

/* Begin PBXFileSystemSynchronizedRootGroup section */
		967E32F82FED22C800AB978C /* UnscrollDriver */ = {
			isa = PBXFileSystemSynchronizedRootGroup;
			exceptions = (
				967E33012FED22C800AB978C /* Exceptions for "UnscrollDriver" folder in "UnscrollDriver" target */,
			);
			path = UnscrollDriver;
			sourceTree = "<group>";
		};
		96A8BD3D2FED1BFE00DEBE26 /* Unscroll */ = {
			isa = PBXFileSystemSynchronizedRootGroup;
			path = Unscroll;
			sourceTree = "<group>";
		};
/* End PBXFileSystemSynchronizedRootGroup section */

/* Begin PBXFrameworksBuildPhase section */
		967E32F32FED22C800AB978C /* Frameworks */ = {
			isa = PBXFrameworksBuildPhase;
			buildActionMask = 2147483647;
			files = (
				967E32F72FED22C800AB978C /* DriverKit.framework in Frameworks */,
				96980B632FED2C060024319C /* HIDDriverKit.framework in Frameworks */,
			);
			runOnlyForDeploymentPostprocessing = 0;
		};
		96A8BD382FED1BFE00DEBE26 /* Frameworks */ = {
			isa = PBXFrameworksBuildPhase;
			buildActionMask = 2147483647;
			files = (
			);
			runOnlyForDeploymentPostprocessing = 0;
		};
/* End PBXFrameworksBuildPhase section */

/* Begin PBXGroup section */
		96A8BD322FED1BFE00DEBE26 = {
			isa = PBXGroup;
			children = (
				96A8BD3D2FED1BFE00DEBE26 /* Unscroll */,
				967E32F82FED22C800AB978C /* UnscrollDriver */,
				96A8BD4F2FED1CC400DEBE26 /* Frameworks */,
				96A8BD3C2FED1BFE00DEBE26 /* Products */,
			);
			sourceTree = "<group>";
		};
		96A8BD3C2FED1BFE00DEBE26 /* Products */ = {
			isa = PBXGroup;
			children = (
				96A8BD3B2FED1BFE00DEBE26 /* Unscroll.app */,
				967E32F62FED22C800AB978C /* me.livoni.Unscroll.UnscrollDriver.dext */,
			);
			name = Products;
			sourceTree = "<group>";
		};
		96A8BD4F2FED1CC400DEBE26 /* Frameworks */ = {
			isa = PBXGroup;
			children = (
				96980B622FED2C060024319C /* HIDDriverKit.framework */,
				96A8BD502FED1CC400DEBE26 /* DriverKit.framework */,
			);
			name = Frameworks;
			sourceTree = "<group>";
		};
/* End PBXGroup section */

/* Begin PBXHeadersBuildPhase section */
		967E32F12FED22C800AB978C /* Headers */ = {
			isa = PBXHeadersBuildPhase;
			buildActionMask = 2147483647;
			files = (
			);
			runOnlyForDeploymentPostprocessing = 0;
		};
/* End PBXHeadersBuildPhase section */

/* Begin PBXNativeTarget section */
		967E32F52FED22C800AB978C /* UnscrollDriver */ = {
			isa = PBXNativeTarget;
			buildConfigurationList = 967E33022FED22C800AB978C /* Build configuration list for PBXNativeTarget "UnscrollDriver" */;
			buildPhases = (
				967E32F12FED22C800AB978C /* Headers */,
				967E32F22FED22C800AB978C /* Sources */,
				967E32F32FED22C800AB978C /* Frameworks */,
				967E32F42FED22C800AB978C /* Resources */,
			);
			buildRules = (
			);
			dependencies = (
			);
			fileSystemSynchronizedGroups = (
				967E32F82FED22C800AB978C /* UnscrollDriver */,
			);
			name = UnscrollDriver;
			packageProductDependencies = (
			);
			productName = ScrollInverterDriver;
			productReference = 967E32F62FED22C800AB978C /* me.livoni.Unscroll.UnscrollDriver.dext */;
			productType = "com.apple.product-type.driver-extension";
		};
		96A8BD3A2FED1BFE00DEBE26 /* Unscroll */ = {
			isa = PBXNativeTarget;
			buildConfigurationList = 96A8BD462FED1BFF00DEBE26 /* Build configuration list for PBXNativeTarget "Unscroll" */;
			buildPhases = (
				96A8BD372FED1BFE00DEBE26 /* Sources */,
				96A8BD382FED1BFE00DEBE26 /* Frameworks */,
				96A8BD392FED1BFE00DEBE26 /* Resources */,
				96A8BD5F2FED1CC400DEBE26 /* Embed System Extensions */,
			);
			buildRules = (
			);
			dependencies = (
				967E32FF2FED22C800AB978C /* PBXTargetDependency */,
			);
			fileSystemSynchronizedGroups = (
				96A8BD3D2FED1BFE00DEBE26 /* Unscroll */,
			);
			name = Unscroll;
			packageProductDependencies = (
			);
			productName = Unscroll;
			productReference = 96A8BD3B2FED1BFE00DEBE26 /* Unscroll.app */;
			productType = "com.apple.product-type.application";
		};
/* End PBXNativeTarget section */

/* Begin PBXProject section */
		96A8BD332FED1BFE00DEBE26 /* Project object */ = {
			isa = PBXProject;
			attributes = {
				BuildIndependentTargetsInParallel = 1;
				LastSwiftUpdateCheck = 2650;
				LastUpgradeCheck = 2650;
				TargetAttributes = {
					967E32F52FED22C800AB978C = {
						CreatedOnToolsVersion = 26.5;
					};
					96A8BD3A2FED1BFE00DEBE26 = {
						CreatedOnToolsVersion = 26.5;
					};
				};
			};
			buildConfigurationList = 96A8BD362FED1BFE00DEBE26 /* Build configuration list for PBXProject "Unscroll" */;
			developmentRegion = en;
			hasScannedForEncodings = 0;
			knownRegions = (
				en,
				Base,
				da,
			);
			mainGroup = 96A8BD322FED1BFE00DEBE26;
			minimizedProjectReferenceProxies = 1;
			preferredProjectObjectVersion = 77;
			productRefGroup = 96A8BD3C2FED1BFE00DEBE26 /* Products */;
			projectDirPath = "";
			projectRoot = "";
			targets = (
				96A8BD3A2FED1BFE00DEBE26 /* Unscroll */,
				967E32F52FED22C800AB978C /* UnscrollDriver */,
			);
		};
/* End PBXProject section */

/* Begin PBXResourcesBuildPhase section */
		967E32F42FED22C800AB978C /* Resources */ = {
			isa = PBXResourcesBuildPhase;
			buildActionMask = 2147483647;
			files = (
			);
			runOnlyForDeploymentPostprocessing = 0;
		};
		96A8BD392FED1BFE00DEBE26 /* Resources */ = {
			isa = PBXResourcesBuildPhase;
			buildActionMask = 2147483647;
			files = (
			);
			runOnlyForDeploymentPostprocessing = 0;
		};
/* End PBXResourcesBuildPhase section */

/* Begin PBXSourcesBuildPhase section */
		967E32F22FED22C800AB978C /* Sources */ = {
			isa = PBXSourcesBuildPhase;
			buildActionMask = 2147483647;
			files = (
			);
			runOnlyForDeploymentPostprocessing = 0;
		};
		96A8BD372FED1BFE00DEBE26 /* Sources */ = {
			isa = PBXSourcesBuildPhase;
			buildActionMask = 2147483647;
			files = (
			);
			runOnlyForDeploymentPostprocessing = 0;
		};
/* End PBXSourcesBuildPhase section */

/* Begin PBXTargetDependency section */
		967E32FF2FED22C800AB978C /* PBXTargetDependency */ = {
			isa = PBXTargetDependency;
			target = 967E32F52FED22C800AB978C /* UnscrollDriver */;
			targetProxy = 967E32FE2FED22C800AB978C /* PBXContainerItemProxy */;
		};
/* End PBXTargetDependency section */

/* Begin XCBuildConfiguration section */
		967E33032FED22C800AB978C /* Debug */ = {
			isa = XCBuildConfiguration;
			buildSettings = {
				ARCHS = (
					"$(ARCHS_STANDARD)",
					arm64e,
				);
				CODE_SIGN_ENTITLEMENTS = UnscrollDriver/UnscrollDriver.entitlements;
				CODE_SIGN_STYLE = Automatic;
				CURRENT_PROJECT_VERSION = 1;
				DEVELOPMENT_TEAM = 6HH7K3R53J;
				DRIVERKIT_DEPLOYMENT_TARGET = 25.5;
				FRAMEWORK_SEARCH_PATHS = (
					"$(inherited)",
					"$(SDKROOT)/System/DriverKit/System/Library/Frameworks",
				);
				GENERATE_INFOPLIST_FILE = YES;
				INFOPLIST_FILE = UnscrollDriver/Info.plist;
				MARKETING_VERSION = 1.0;
				PRODUCT_BUNDLE_IDENTIFIER = me.livoni.Unscroll.UnscrollDriver;
				PRODUCT_NAME = me.livoni.Unscroll.UnscrollDriver;
				RUN_CLANG_STATIC_ANALYZER = YES;
				SDKROOT = driverkit;
				SKIP_INSTALL = YES;
				STRING_CATALOG_GENERATE_SYMBOLS = YES;
				SWIFT_EMIT_LOC_STRINGS = YES;
			};
			name = Debug;
		};
		967E33042FED22C800AB978C /* Release */ = {
			isa = XCBuildConfiguration;
			buildSettings = {
				ARCHS = (
					"$(ARCHS_STANDARD)",
					arm64e,
				);
				CODE_SIGN_ENTITLEMENTS = UnscrollDriver/UnscrollDriver.entitlements;
				CODE_SIGN_STYLE = Automatic;
				CURRENT_PROJECT_VERSION = 1;
				DEVELOPMENT_TEAM = 6HH7K3R53J;
				DRIVERKIT_DEPLOYMENT_TARGET = 25.5;
				FRAMEWORK_SEARCH_PATHS = (
					"$(inherited)",
					"$(SDKROOT)/System/DriverKit/System/Library/Frameworks",
				);
				GENERATE_INFOPLIST_FILE = YES;
				INFOPLIST_FILE = UnscrollDriver/Info.plist;
				MARKETING_VERSION = 1.0;
				PRODUCT_BUNDLE_IDENTIFIER = me.livoni.Unscroll.UnscrollDriver;
				PRODUCT_NAME = me.livoni.Unscroll.UnscrollDriver;
				RUN_CLANG_STATIC_ANALYZER = YES;
				SDKROOT = driverkit;
				SKIP_INSTALL = YES;
				STRING_CATALOG_GENERATE_SYMBOLS = YES;
				SWIFT_EMIT_LOC_STRINGS = YES;
			};
			name = Release;
		};
		96A8BD442FED1BFF00DEBE26 /* Debug */ = {
			isa = XCBuildConfiguration;
			buildSettings = {
				ALWAYS_SEARCH_USER_PATHS = NO;
				ASSETCATALOG_COMPILER_GENERATE_SWIFT_ASSET_SYMBOL_EXTENSIONS = YES;
				CLANG_ANALYZER_NONNULL = YES;
				CLANG_ANALYZER_NUMBER_OBJECT_CONVERSION = YES_AGGRESSIVE;
				CLANG_CXX_LANGUAGE_STANDARD = "gnu++20";
				CLANG_ENABLE_MODULES = YES;
				CLANG_ENABLE_OBJC_ARC = YES;
				CLANG_ENABLE_OBJC_WEAK = YES;
				CLANG_WARN_BLOCK_CAPTURE_AUTORELEASING = YES;
				CLANG_WARN_BOOL_CONVERSION = YES;
				CLANG_WARN_COMMA = YES;
				CLANG_WARN_CONSTANT_CONVERSION = YES;
				CLANG_WARN_DEPRECATED_OBJC_IMPLEMENTATIONS = YES;
				CLANG_WARN_DIRECT_OBJC_ISA_USAGE = YES_ERROR;
				CLANG_WARN_DOCUMENTATION_COMMENTS = YES;
				CLANG_WARN_EMPTY_BODY = YES;
				CLANG_WARN_ENUM_CONVERSION = YES;
				CLANG_WARN_INFINITE_RECURSION = YES;
				CLANG_WARN_INT_CONVERSION = YES;
				CLANG_WARN_NON_LITERAL_NULL_CONVERSION = YES;
				CLANG_WARN_OBJC_IMPLICIT_RETAIN_SELF = YES;
				CLANG_WARN_OBJC_LITERAL_CONVERSION = YES;
				CLANG_WARN_OBJC_ROOT_CLASS = YES_ERROR;
				CLANG_WARN_QUOTED_INCLUDE_IN_FRAMEWORK_HEADER = YES;
				CLANG_WARN_RANGE_LOOP_ANALYSIS = YES;
				CLANG_WARN_STRICT_PROTOTYPES = YES;
				CLANG_WARN_SUSPICIOUS_MOVE = YES;
				CLANG_WARN_UNGUARDED_AVAILABILITY = YES_AGGRESSIVE;
				CLANG_WARN_UNREACHABLE_CODE = YES;
				CLANG_WARN__DUPLICATE_METHOD_MATCH = YES;
				COPY_PHASE_STRIP = NO;
				DEBUG_INFORMATION_FORMAT = dwarf;
				DEVELOPMENT_TEAM = 6HH7K3R53J;
				ENABLE_STRICT_OBJC_MSGSEND = YES;
				ENABLE_TESTABILITY = YES;
				ENABLE_USER_SCRIPT_SANDBOXING = YES;
				GCC_C_LANGUAGE_STANDARD = gnu17;
				GCC_DYNAMIC_NO_PIC = NO;
				GCC_NO_COMMON_BLOCKS = YES;
				GCC_OPTIMIZATION_LEVEL = 0;
				GCC_PREPROCESSOR_DEFINITIONS = (
					"DEBUG=1",
					"$(inherited)",
				);
				GCC_WARN_64_TO_32_BIT_CONVERSION = YES;
				GCC_WARN_ABOUT_RETURN_TYPE = YES_ERROR;
				GCC_WARN_UNDECLARED_SELECTOR = YES;
				GCC_WARN_UNINITIALIZED_AUTOS = YES_AGGRESSIVE;
				GCC_WARN_UNUSED_FUNCTION = YES;
				GCC_WARN_UNUSED_VARIABLE = YES;
				LOCALIZATION_PREFERS_STRING_CATALOGS = YES;
				MACOSX_DEPLOYMENT_TARGET = 26.5;
				MTL_ENABLE_DEBUG_INFO = INCLUDE_SOURCE;
				MTL_FAST_MATH = YES;
				ONLY_ACTIVE_ARCH = YES;
				SDKROOT = macosx;
				SWIFT_ACTIVE_COMPILATION_CONDITIONS = "DEBUG $(inherited)";
				SWIFT_EMIT_LOC_STRINGS = YES;
				SWIFT_OPTIMIZATION_LEVEL = "-Onone";
			};
			name = Debug;
		};
		96A8BD452FED1BFF00DEBE26 /* Release */ = {
			isa = XCBuildConfiguration;
			buildSettings = {
				ALWAYS_SEARCH_USER_PATHS = NO;
				ASSETCATALOG_COMPILER_GENERATE_SWIFT_ASSET_SYMBOL_EXTENSIONS = YES;
				CLANG_ANALYZER_NONNULL = YES;
				CLANG_ANALYZER_NUMBER_OBJECT_CONVERSION = YES_AGGRESSIVE;
				CLANG_CXX_LANGUAGE_STANDARD = "gnu++20";
				CLANG_ENABLE_MODULES = YES;
				CLANG_ENABLE_OBJC_ARC = YES;
				CLANG_ENABLE_OBJC_WEAK = YES;
				CLANG_WARN_BLOCK_CAPTURE_AUTORELEASING = YES;
				CLANG_WARN_BOOL_CONVERSION = YES;
				CLANG_WARN_COMMA = YES;
				CLANG_WARN_CONSTANT_CONVERSION = YES;
				CLANG_WARN_DEPRECATED_OBJC_IMPLEMENTATIONS = YES;
				CLANG_WARN_DIRECT_OBJC_ISA_USAGE = YES_ERROR;
				CLANG_WARN_DOCUMENTATION_COMMENTS = YES;
				CLANG_WARN_EMPTY_BODY = YES;
				CLANG_WARN_ENUM_CONVERSION = YES;
				CLANG_WARN_INFINITE_RECURSION = YES;
				CLANG_WARN_INT_CONVERSION = YES;
				CLANG_WARN_NON_LITERAL_NULL_CONVERSION = YES;
				CLANG_WARN_OBJC_IMPLICIT_RETAIN_SELF = YES;
				CLANG_WARN_OBJC_LITERAL_CONVERSION = YES;
				CLANG_WARN_OBJC_ROOT_CLASS = YES_ERROR;
				CLANG_WARN_QUOTED_INCLUDE_IN_FRAMEWORK_HEADER = YES;
				CLANG_WARN_RANGE_LOOP_ANALYSIS = YES;
				CLANG_WARN_STRICT_PROTOTYPES = YES;
				CLANG_WARN_SUSPICIOUS_MOVE = YES;
				CLANG_WARN_UNGUARDED_AVAILABILITY = YES_AGGRESSIVE;
				CLANG_WARN_UNREACHABLE_CODE = YES;
				CLANG_WARN__DUPLICATE_METHOD_MATCH = YES;
				COPY_PHASE_STRIP = NO;
				DEBUG_INFORMATION_FORMAT = "dwarf-with-dsym";
				DEVELOPMENT_TEAM = 6HH7K3R53J;
				ENABLE_NS_ASSERTIONS = NO;
				ENABLE_STRICT_OBJC_MSGSEND = YES;
				ENABLE_USER_SCRIPT_SANDBOXING = YES;
				GCC_C_LANGUAGE_STANDARD = gnu17;
				GCC_NO_COMMON_BLOCKS = YES;
				GCC_WARN_64_TO_32_BIT_CONVERSION = YES;
				GCC_WARN_ABOUT_RETURN_TYPE = YES_ERROR;
				GCC_WARN_UNDECLARED_SELECTOR = YES;
				GCC_WARN_UNINITIALIZED_AUTOS = YES_AGGRESSIVE;
				GCC_WARN_UNUSED_FUNCTION = YES;
				GCC_WARN_UNUSED_VARIABLE = YES;
				LOCALIZATION_PREFERS_STRING_CATALOGS = YES;
				MACOSX_DEPLOYMENT_TARGET = 26.5;
				MTL_ENABLE_DEBUG_INFO = NO;
				MTL_FAST_MATH = YES;
				SDKROOT = macosx;
				SWIFT_COMPILATION_MODE = wholemodule;
				SWIFT_EMIT_LOC_STRINGS = YES;
			};
			name = Release;
		};
		96A8BD472FED1BFF00DEBE26 /* Debug */ = {
			isa = XCBuildConfiguration;
			buildSettings = {
				ASSETCATALOG_COMPILER_APPICON_NAME = AppIcon;
				ASSETCATALOG_COMPILER_GLOBAL_ACCENT_COLOR_NAME = AccentColor;
				CODE_SIGN_ENTITLEMENTS = Unscroll/Unscroll.entitlements;
				CODE_SIGN_IDENTITY = "Apple Development";
				CODE_SIGN_STYLE = Automatic;
				COMBINE_HIDPI_IMAGES = YES;
				CURRENT_PROJECT_VERSION = 1;
				DEVELOPMENT_TEAM = 6HH7K3R53J;
				ENABLE_APP_SANDBOX = YES;
				ENABLE_HARDENED_RUNTIME = YES;
				ENABLE_PREVIEWS = YES;
				ENABLE_USER_SELECTED_FILES = readonly;
				GENERATE_INFOPLIST_FILE = YES;
				INFOPLIST_KEY_CFBundleDisplayName = Unscroll;
				INFOPLIST_KEY_LSApplicationCategoryType = "public.app-category.utilities";
				INFOPLIST_KEY_NSHumanReadableCopyright = "Copyright © 2026 Sebastian Livoni. All rights reserved.";
				LD_RUNPATH_SEARCH_PATHS = (
					"$(inherited)",
					"@executable_path/../Frameworks",
				);
				MACOSX_DEPLOYMENT_TARGET = 26.0;
				MARKETING_VERSION = 1.0;
				PRODUCT_BUNDLE_IDENTIFIER = me.livoni.Unscroll;
				PRODUCT_NAME = "$(TARGET_NAME)";
				PROVISIONING_PROFILE_SPECIFIER = "";
				REGISTER_APP_GROUPS = YES;
				STRING_CATALOG_GENERATE_SYMBOLS = YES;
				SWIFT_APPROACHABLE_CONCURRENCY = YES;
				SWIFT_DEFAULT_ACTOR_ISOLATION = MainActor;
				SWIFT_EMIT_LOC_STRINGS = YES;
				SWIFT_UPCOMING_FEATURE_MEMBER_IMPORT_VISIBILITY = YES;
				SWIFT_VERSION = 6.0;
			};
			name = Debug;
		};
		96A8BD482FED1BFF00DEBE26 /* Release */ = {
			isa = XCBuildConfiguration;
			buildSettings = {
				ASSETCATALOG_COMPILER_APPICON_NAME = AppIcon;
				ASSETCATALOG_COMPILER_GLOBAL_ACCENT_COLOR_NAME = AccentColor;
				CODE_SIGN_ENTITLEMENTS = Unscroll/Unscroll.entitlements;
				CODE_SIGN_IDENTITY = "Apple Development";
				CODE_SIGN_STYLE = Automatic;
				COMBINE_HIDPI_IMAGES = YES;
				CURRENT_PROJECT_VERSION = 1;
				DEVELOPMENT_TEAM = 6HH7K3R53J;
				ENABLE_APP_SANDBOX = YES;
				ENABLE_HARDENED_RUNTIME = YES;
				ENABLE_PREVIEWS = YES;
				ENABLE_USER_SELECTED_FILES = readonly;
				GENERATE_INFOPLIST_FILE = YES;
				INFOPLIST_KEY_CFBundleDisplayName = Unscroll;
				INFOPLIST_KEY_LSApplicationCategoryType = "public.app-category.utilities";
				INFOPLIST_KEY_NSHumanReadableCopyright = "Copyright © 2026 Sebastian Livoni. All rights reserved.";
				LD_RUNPATH_SEARCH_PATHS = (
					"$(inherited)",
					"@executable_path/../Frameworks",
				);
				MACOSX_DEPLOYMENT_TARGET = 26.0;
				MARKETING_VERSION = 1.0;
				PRODUCT_BUNDLE_IDENTIFIER = me.livoni.Unscroll;
				PRODUCT_NAME = "$(TARGET_NAME)";
				PROVISIONING_PROFILE_SPECIFIER = "";
				REGISTER_APP_GROUPS = YES;
				STRING_CATALOG_GENERATE_SYMBOLS = YES;
				SWIFT_APPROACHABLE_CONCURRENCY = YES;
				SWIFT_DEFAULT_ACTOR_ISOLATION = MainActor;
				SWIFT_EMIT_LOC_STRINGS = YES;
				SWIFT_UPCOMING_FEATURE_MEMBER_IMPORT_VISIBILITY = YES;
				SWIFT_VERSION = 6.0;
			};
			name = Release;
		};
/* End XCBuildConfiguration section */

/* Begin XCConfigurationList section */
		967E33022FED22C800AB978C /* Build configuration list for PBXNativeTarget "UnscrollDriver" */ = {
			isa = XCConfigurationList;
			buildConfigurations = (
				967E33032FED22C800AB978C /* Debug */,
				967E33042FED22C800AB978C /* Release */,
			);
			defaultConfigurationIsVisible = 0;
			defaultConfigurationName = Release;
		};
		96A8BD362FED1BFE00DEBE26 /* Build configuration list for PBXProject "Unscroll" */ = {
			isa = XCConfigurationList;
			buildConfigurations = (
				96A8BD442FED1BFF00DEBE26 /* Debug */,
				96A8BD452FED1BFF00DEBE26 /* Release */,
			);
			defaultConfigurationIsVisible = 0;
			defaultConfigurationName = Release;
		};
		96A8BD462FED1BFF00DEBE26 /* Build configuration list for PBXNativeTarget "Unscroll" */ = {
			isa = XCConfigurationList;
			buildConfigurations = (
				96A8BD472FED1BFF00DEBE26 /* Debug */,
				96A8BD482FED1BFF00DEBE26 /* Release */,
			);
			defaultConfigurationIsVisible = 0;
			defaultConfigurationName = Release;
		};
/* End XCConfigurationList section */
	};
	rootObject = 96A8BD332FED1BFE00DEBE26 /* Project object */;
}
